// !$*UTF8*$!
{
	archiveVersion = 1;
	classes = {
	};
	objectVersion = 46;
	objects = {

/* Begin PBXBuildFile section */
		0C6B2FC6B3E5C6E34F4D96B9 /* Pods_MoyaRxArgoDemoTests.framework in Frameworks */ = {isa = PBXBuildFile; fileRef = 4FEBA7FB196C58E17BE7B6E1 /* Pods_MoyaRxArgoDemoTests.framework */; };
		20C2BCE21DBC8A79B7012944 /* Pods_MoyaRxArgoDemo.framework in Frameworks */ = {isa = PBXBuildFile; fileRef = 45DEACCCE5014DF0DB42EF20 /* Pods_MoyaRxArgoDemo.framework */; };
		963EF3FA1E013A66008FE804 /* API.swift in Sources */ = {isa = PBXBuildFile; fileRef = 963EF3F91E013A66008FE804 /* API.swift */; };
		964CCA861DFFAAC8004D7FA9 /* AppDelegate.swift in Sources */ = {isa = PBXBuildFile; fileRef = 964CCA851DFFAAC8004D7FA9 /* AppDelegate.swift */; };
		964CCA881DFFAAC8004D7FA9 /* ViewController.swift in Sources */ = {isa = PBXBuildFile; fileRef = 964CCA871DFFAAC8004D7FA9 /* ViewController.swift */; };
		964CCA8B1DFFAAC8004D7FA9 /* Main.storyboard in Resources */ = {isa = PBXBuildFile; fileRef = 964CCA891DFFAAC8004D7FA9 /* Main.storyboard */; };
		964CCA8D1DFFAAC8004D7FA9 /* Assets.xcassets in Resources */ = {isa = PBXBuildFile; fileRef = 964CCA8C1DFFAAC8004D7FA9 /* Assets.xcassets */; };
		964CCA901DFFAAC8004D7FA9 /* LaunchScreen.storyboard in Resources */ = {isa = PBXBuildFile; fileRef = 964CCA8E1DFFAAC8004D7FA9 /* LaunchScreen.storyboard */; };
		964CCA9B1DFFAAC9004D7FA9 /* MoyaRxArgoDemoTests.swift in Sources */ = {isa = PBXBuildFile; fileRef = 964CCA9A1DFFAAC9004D7FA9 /* MoyaRxArgoDemoTests.swift */; };
		96D2A0541E02E98700FA9240 /* alamofire.swift in Sources */ = {isa = PBXBuildFile; fileRef = 96D2A0531E02E98700FA9240 /* alamofire.swift */; };
		96D2A0561E0300D900FA9240 /* moya.swift in Sources */ = {isa = PBXBuildFile; fileRef = 96D2A0551E0300D900FA9240 /* moya.swift */; };
		96D2A0581E038BDF00FA9240 /* runner.swift in Sources */ = {isa = PBXBuildFile; fileRef = 96D2A0571E038BDF00FA9240 /* runner.swift */; };
		96D2A05A1E03948400FA9240 /* moya+argo.swift in Sources */ = {isa = PBXBuildFile; fileRef = 96D2A0591E03948400FA9240 /* moya+argo.swift */; };
		96D2A05C1E039F8F00FA9240 /* Post.swift in Sources */ = {isa = PBXBuildFile; fileRef = 96D2A05B1E039F8F00FA9240 /* Post.swift */; };
		96D2A05E1E03A55F00FA9240 /* Response+Argo.swift in Sources */ = {isa = PBXBuildFile; fileRef = 96D2A05D1E03A55F00FA9240 /* Response+Argo.swift */; };
		96D2A0601E03B04600FA9240 /* moya+argo+ext.swift in Sources */ = {isa = PBXBuildFile; fileRef = 96D2A05F1E03B04500FA9240 /* moya+argo+ext.swift */; };
		96D2A0621E05621E00FA9240 /* moya+rx+argo.swift in Sources */ = {isa = PBXBuildFile; fileRef = 96D2A0611E05621E00FA9240 /* moya+rx+argo.swift */; };
		96D2A0661E05677900FA9240 /* moya+rx+ext+argo.swift in Sources */ = {isa = PBXBuildFile; fileRef = 96D2A0651E05677900FA9240 /* moya+rx+ext+argo.swift */; };
		96D2A0691E056BCB00FA9240 /* Observable+Argo.swift in Sources */ = {isa = PBXBuildFile; fileRef = 96D2A0671E0567BA00FA9240 /* Observable+Argo.swift */; };
		96D2A06B1E056E0900FA9240 /* moya+rx+ext+argo2.swift in Sources */ = {isa = PBXBuildFile; fileRef = 96D2A06A1E056E0900FA9240 /* moya+rx+ext+argo2.swift */; };
		96D2A06D1E056EB400FA9240 /* Observable+Argo2.swift in Sources */ = {isa = PBXBuildFile; fileRef = 96D2A06C1E056EB400FA9240 /* Observable+Argo2.swift */; };
/* End PBXBuildFile section */

/* Begin PBXContainerItemProxy section */
		964CCA971DFFAAC9004D7FA9 /* PBXContainerItemProxy */ = {
			isa = PBXContainerItemProxy;
			containerPortal = 964CCA7A1DFFAAC8004D7FA9 /* Project object */;
			proxyType = 1;
			remoteGlobalIDString = 964CCA811DFFAAC8004D7FA9;
			remoteInfo = MoyaRxArgoDemo;
		};
/* End PBXContainerItemProxy section */

/* Begin PBXFileReference section */
		076C38035E5688BCE08F056B /* Pods-MoyaRxArgoDemoTests.debug.xcconfig */ = {isa = PBXFileReference; includeInIndex = 1; lastKnownFileType = text.xcconfig; name = "Pods-MoyaRxArgoDemoTests.debug.xcconfig"; path = "Pods/Target Support Files/Pods-MoyaRxArgoDemoTests/Pods-MoyaRxArgoDemoTests.debug.xcconfig"; sourceTree = "<group>"; };
		1B2E505A784585EA369013E8 /* Pods-MoyaRxArgoDemoTests.release.xcconfig */ = {isa = PBXFileReference; includeInIndex = 1; lastKnownFileType = text.xcconfig; name = "Pods-MoyaRxArgoDemoTests.release.xcconfig"; path = "Pods/Target Support Files/Pods-MoyaRxArgoDemoTests/Pods-MoyaRxArgoDemoTests.release.xcconfig"; sourceTree = "<group>"; };
		45DEACCCE5014DF0DB42EF20 /* Pods_MoyaRxArgoDemo.framework */ = {isa = PBXFileReference; explicitFileType = wrapper.framework; includeInIndex = 0; path = Pods_MoyaRxArgoDemo.framework; sourceTree = BUILT_PRODUCTS_DIR; };
		4FEBA7FB196C58E17BE7B6E1 /* Pods_MoyaRxArgoDemoTests.framework */ = {isa = PBXFileReference; explicitFileType = wrapper.framework; includeInIndex = 0; path = Pods_MoyaRxArgoDemoTests.framework; sourceTree = BUILT_PRODUCTS_DIR; };
		5D1429A97EA4659FCCD94B91 /* Pods-MoyaRxArgoDemo.release.xcconfig */ = {isa = PBXFileReference; includeInIndex = 1; lastKnownFileType = text.xcconfig; name = "Pods-MoyaRxArgoDemo.release.xcconfig"; path = "Pods/Target Support Files/Pods-MoyaRxArgoDemo/Pods-MoyaRxArgoDemo.release.xcconfig"; sourceTree = "<group>"; };
		963EF3F91E013A66008FE804 /* API.swift */ = {isa = PBXFileReference; fileEncoding = 4; lastKnownFileType = sourcecode.swift; path = API.swift; sourceTree = "<group>"; };
		964CCA821DFFAAC8004D7FA9 /* MoyaRxArgoDemo.app */ = {isa = PBXFileReference; explicitFileType = wrapper.application; includeInIndex = 0; path = MoyaRxArgoDemo.app; sourceTree = BUILT_PRODUCTS_DIR; };
		964CCA851DFFAAC8004D7FA9 /* AppDelegate.swift */ = {isa = PBXFileReference; lastKnownFileType = sourcecode.swift; path = AppDelegate.swift; sourceTree = "<group>"; };
		964CCA871DFFAAC8004D7FA9 /* ViewController.swift */ = {isa = PBXFileReference; lastKnownFileType = sourcecode.swift; path = ViewController.swift; sourceTree = "<group>"; };
		964CCA8A1DFFAAC8004D7FA9 /* Base */ = {isa = PBXFileReference; lastKnownFileType = file.storyboard; name = Base; path = Base.lproj/Main.storyboard; sourceTree = "<group>"; };
		964CCA8C1DFFAAC8004D7FA9 /* Assets.xcassets */ = {isa = PBXFileReference; lastKnownFileType = folder.assetcatalog; path = Assets.xcassets; sourceTree = "<group>"; };
		964CCA8F1DFFAAC8004D7FA9 /* Base */ = {isa = PBXFileReference; lastKnownFileType = file.storyboard; name = Base; path = Base.lproj/LaunchScreen.storyboard; sourceTree = "<group>"; };
		964CCA911DFFAAC8004D7FA9 /* Info.plist */ = {isa = PBXFileReference; lastKnownFileType = text.plist.xml; path = Info.plist; sourceTree = "<group>"; };
		964CCA961DFFAAC9004D7FA9 /* MoyaRxArgoDemoTests.xctest */ = {isa = PBXFileReference; explicitFileType = wrapper.cfbundle; includeInIndex = 0; path = MoyaRxArgoDemoTests.xctest; sourceTree = BUILT_PRODUCTS_DIR; };
		964CCA9A1DFFAAC9004D7FA9 /* MoyaRxArgoDemoTests.swift */ = {isa = PBXFileReference; lastKnownFileType = sourcecode.swift; path = MoyaRxArgoDemoTests.swift; sourceTree = "<group>"; };
		964CCA9C1DFFAAC9004D7FA9 /* Info.plist */ = {isa = PBXFileReference; lastKnownFileType = text.plist.xml; path = Info.plist; sourceTree = "<group>"; };
		96D2A0531E02E98700FA9240 /* alamofire.swift */ = {isa = PBXFileReference; fileEncoding = 4; lastKnownFileType = sourcecode.swift; path = alamofire.swift; sourceTree = "<group>"; };
		96D2A0551E0300D900FA9240 /* moya.swift */ = {isa = PBXFileReference; fileEncoding = 4; lastKnownFileType = sourcecode.swift; path = moya.swift; sourceTree = "<group>"; };
		96D2A0571E038BDF00FA9240 /* runner.swift */ = {isa = PBXFileReference; fileEncoding = 4; lastKnownFileType = sourcecode.swift; path = runner.swift; sourceTree = "<group>"; };
		96D2A0591E03948400FA9240 /* moya+argo.swift */ = {isa = PBXFileReference; fileEncoding = 4; lastKnownFileType = sourcecode.swift; path = "moya+argo.swift"; sourceTree = "<group>"; };
		96D2A05B1E039F8F00FA9240 /* Post.swift */ = {isa = PBXFileReference; fileEncoding = 4; lastKnownFileType = sourcecode.swift; path = Post.swift; sourceTree = "<group>"; };
		96D2A05D1E03A55F00FA9240 /* Response+Argo.swift */ = {isa = PBXFileReference; fileEncoding = 4; lastKnownFileType = sourcecode.swift; path = "Response+Argo.swift"; sourceTree = "<group>"; };
		96D2A05F1E03B04500FA9240 /* moya+argo+ext.swift */ = {isa = PBXFileReference; fileEncoding = 4; lastKnownFileType = sourcecode.swift; path = "moya+argo+ext.swift"; sourceTree = "<group>"; };
		96D2A0611E05621E00FA9240 /* moya+rx+argo.swift */ = {isa = PBXFileReference; fileEncoding = 4; lastKnownFileType = sourcecode.swift; path = "moya+rx+argo.swift"; sourceTree = "<group>"; };
		96D2A0651E05677900FA9240 /* moya+rx+ext+argo.swift */ = {isa = PBXFileReference; fileEncoding = 4; lastKnownFileType = sourcecode.swift; path = "moya+rx+ext+argo.swift"; sourceTree = "<group>"; };
		96D2A0671E0567BA00FA9240 /* Observable+Argo.swift */ = {isa = PBXFileReference; fileEncoding = 4; lastKnownFileType = sourcecode.swift; path = "Observable+Argo.swift"; sourceTree = "<group>"; };
		96D2A06A1E056E0900FA9240 /* moya+rx+ext+argo2.swift */ = {isa = PBXFileReference; fileEncoding = 4; lastKnownFileType = sourcecode.swift; path = "moya+rx+ext+argo2.swift"; sourceTree = "<group>"; };
		96D2A06C1E056EB400FA9240 /* Observable+Argo2.swift */ = {isa = PBXFileReference; fileEncoding = 4; lastKnownFileType = sourcecode.swift; path = "Observable+Argo2.swift"; sourceTree = "<group>"; };
		F30796CB581D756FEDB7F1D1 /* Pods-MoyaRxArgoDemo.debug.xcconfig */ = {isa = PBXFileReference; includeInIndex = 1; lastKnownFileType = text.xcconfig; name = "Pods-MoyaRxArgoDemo.debug.xcconfig"; path = "Pods/Target Support Files/Pods-MoyaRxArgoDemo/Pods-MoyaRxArgoDemo.debug.xcconfig"; sourceTree = "<group>"; };
/* End PBXFileReference section */

/* Begin PBXFrameworksBuildPhase section */
		964CCA7F1DFFAAC8004D7FA9 /* Frameworks */ = {
			isa = PBXFrameworksBuildPhase;
			buildActionMask = 2147483647;
			files = (
				20C2BCE21DBC8A79B7012944 /* Pods_MoyaRxArgoDemo.framework in Frameworks */,
			);
			runOnlyForDeploymentPostprocessing = 0;
		};
		964CCA931DFFAAC9004D7FA9 /* Frameworks */ = {
			isa = PBXFrameworksBuildPhase;
			buildActionMask = 2147483647;
			files = (
				0C6B2FC6B3E5C6E34F4D96B9 /* Pods_MoyaRxArgoDemoTests.framework in Frameworks */,
			);
			runOnlyForDeploymentPostprocessing = 0;
		};
/* End PBXFrameworksBuildPhase section */

/* Begin PBXGroup section */
		0A0796C252AF117760312445 /* Pods */ = {
			isa = PBXGroup;
			children = (
				F30796CB581D756FEDB7F1D1 /* Pods-MoyaRxArgoDemo.debug.xcconfig */,
				5D1429A97EA4659FCCD94B91 /* Pods-MoyaRxArgoDemo.release.xcconfig */,
				076C38035E5688BCE08F056B /* Pods-MoyaRxArgoDemoTests.debug.xcconfig */,
				1B2E505A784585EA369013E8 /* Pods-MoyaRxArgoDemoTests.release.xcconfig */,
			);
			name = Pods;
			sourceTree = "<group>";
		};
		964CCA791DFFAAC8004D7FA9 = {
			isa = PBXGroup;
			children = (
				964CCA841DFFAAC8004D7FA9 /* MoyaRxArgoDemo */,
				964CCA991DFFAAC9004D7FA9 /* MoyaRxArgoDemoTests */,
				964CCA831DFFAAC8004D7FA9 /* Products */,
				0A0796C252AF117760312445 /* Pods */,
				FAA2EDC435E8F575530F17C1 /* Frameworks */,
			);
			sourceTree = "<group>";
		};
		964CCA831DFFAAC8004D7FA9 /* Products */ = {
			isa = PBXGroup;
			children = (
				964CCA821DFFAAC8004D7FA9 /* MoyaRxArgoDemo.app */,
				964CCA961DFFAAC9004D7FA9 /* MoyaRxArgoDemoTests.xctest */,
			);
			name = Products;
			sourceTree = "<group>";
		};
		964CCA841DFFAAC8004D7FA9 /* MoyaRxArgoDemo */ = {
			isa = PBXGroup;
			children = (
				964CCA851DFFAAC8004D7FA9 /* AppDelegate.swift */,
				96D2A05B1E039F8F00FA9240 /* Post.swift */,
				963EF3F91E013A66008FE804 /* API.swift */,
				964CCA871DFFAAC8004D7FA9 /* ViewController.swift */,
				96D2A05D1E03A55F00FA9240 /* Response+Argo.swift */,
				96D2A0671E0567BA00FA9240 /* Observable+Argo.swift */,
				96D2A06C1E056EB400FA9240 /* Observable+Argo2.swift */,
				964CCA891DFFAAC8004D7FA9 /* Main.storyboard */,
				964CCA8C1DFFAAC8004D7FA9 /* Assets.xcassets */,
				964CCA8E1DFFAAC8004D7FA9 /* LaunchScreen.storyboard */,
				964CCA911DFFAAC8004D7FA9 /* Info.plist */,
			);
			path = MoyaRxArgoDemo;
			sourceTree = "<group>";
		};
		964CCA991DFFAAC9004D7FA9 /* MoyaRxArgoDemoTests */ = {
			isa = PBXGroup;
			children = (
				964CCA9A1DFFAAC9004D7FA9 /* MoyaRxArgoDemoTests.swift */,
				964CCA9C1DFFAAC9004D7FA9 /* Info.plist */,
				96D2A0571E038BDF00FA9240 /* runner.swift */,
				96D2A0531E02E98700FA9240 /* alamofire.swift */,
				96D2A0551E0300D900FA9240 /* moya.swift */,
				96D2A0591E03948400FA9240 /* moya+argo.swift */,
				96D2A05F1E03B04500FA9240 /* moya+argo+ext.swift */,
				96D2A0611E05621E00FA9240 /* moya+rx+argo.swift */,
				96D2A0651E05677900FA9240 /* moya+rx+ext+argo.swift */,
				96D2A06A1E056E0900FA9240 /* moya+rx+ext+argo2.swift */,
			);
			path = MoyaRxArgoDemoTests;
			sourceTree = "<group>";
		};
		FAA2EDC435E8F575530F17C1 /* Frameworks */ = {
			isa = PBXGroup;
			children = (
				45DEACCCE5014DF0DB42EF20 /* Pods_MoyaRxArgoDemo.framework */,
				4FEBA7FB196C58E17BE7B6E1 /* Pods_MoyaRxArgoDemoTests.framework */,
			);
			name = Frameworks;
			sourceTree = "<group>";
		};
/* End PBXGroup section */

/* Begin PBXNativeTarget section */
		964CCA811DFFAAC8004D7FA9 /* MoyaRxArgoDemo */ = {
			isa = PBXNativeTarget;
			buildConfigurationList = 964CCA9F1DFFAAC9004D7FA9 /* Build configuration list for PBXNativeTarget "MoyaRxArgoDemo" */;
			buildPhases = (
				E258EF1AA1B2946CBBF4463B /* [CP] Check Pods Manifest.lock */,
				964CCA7E1DFFAAC8004D7FA9 /* Sources */,
				964CCA7F1DFFAAC8004D7FA9 /* Frameworks */,
				964CCA801DFFAAC8004D7FA9 /* Resources */,
				BE289FBC211F8339B99583F2 /* [CP] Embed Pods Frameworks */,
				26972DA953A22CA959717CBF /* [CP] Copy Pods Resources */,
			);
			buildRules = (
			);
			dependencies = (
			);
			name = MoyaRxArgoDemo;
			productName = MoyaRxArgoDemo;
			productReference = 964CCA821DFFAAC8004D7FA9 /* MoyaRxArgoDemo.app */;
			productType = "com.apple.product-type.application";
		};
		964CCA951DFFAAC9004D7FA9 /* MoyaRxArgoDemoTests */ = {
			isa = PBXNativeTarget;
			buildConfigurationList = 964CCAA21DFFAAC9004D7FA9 /* Build configuration list for PBXNativeTarget "MoyaRxArgoDemoTests" */;
			buildPhases = (
				D9A6AB639FA9FDB23841E1A5 /* [CP] Check Pods Manifest.lock */,
				964CCA921DFFAAC9004D7FA9 /* Sources */,
				964CCA931DFFAAC9004D7FA9 /* Frameworks */,
				964CCA941DFFAAC9004D7FA9 /* Resources */,
				C6CA9394AAA35D754FDDC5D0 /* [CP] Embed Pods Frameworks */,
				B72FCB5D390E4B15699D0D62 /* [CP] Copy Pods Resources */,
			);
			buildRules = (
			);
			dependencies = (
				964CCA981DFFAAC9004D7FA9 /* PBXTargetDependency */,
			);
			name = MoyaRxArgoDemoTests;
			productName = MoyaRxArgoDemoTests;
			productReference = 964CCA961DFFAAC9004D7FA9 /* MoyaRxArgoDemoTests.xctest */;
			productType = "com.apple.product-type.bundle.unit-test";
		};
/* End PBXNativeTarget section */

/* Begin PBXProject section */
		964CCA7A1DFFAAC8004D7FA9 /* Project object */ = {
			isa = PBXProject;
			attributes = {
				LastSwiftUpdateCheck = 0810;
				LastUpgradeCheck = 0820;
				ORGANIZATIONNAME = why;
				TargetAttributes = {
					964CCA811DFFAAC8004D7FA9 = {
						CreatedOnToolsVersion = 8.1;
						ProvisioningStyle = Automatic;
					};
					964CCA951DFFAAC9004D7FA9 = {
						CreatedOnToolsVersion = 8.1;
						ProvisioningStyle = Automatic;
						TestTargetID = 964CCA811DFFAAC8004D7FA9;
					};
				};
			};
			buildConfigurationList = 964CCA7D1DFFAAC8004D7FA9 /* Build configuration list for PBXProject "MoyaRxArgoDemo" */;
			compatibilityVersion = "Xcode 3.2";
			developmentRegion = English;
			hasScannedForEncodings = 0;
			knownRegions = (
				en,
				Base,
			);
			mainGroup = 964CCA791DFFAAC8004D7FA9;
			productRefGroup = 964CCA831DFFAAC8004D7FA9 /* Products */;
			projectDirPath = "";
			projectRoot = "";
			targets = (
				964CCA811DFFAAC8004D7FA9 /* MoyaRxArgoDemo */,
				964CCA951DFFAAC9004D7FA9 /* MoyaRxArgoDemoTests */,
			);
		};
/* End PBXProject section */

/* Begin PBXResourcesBuildPhase section */
		964CCA801DFFAAC8004D7FA9 /* Resources */ = {
			isa = PBXResourcesBuildPhase;
			buildActionMask = 2147483647;
			files = (
				964CCA901DFFAAC8004D7FA9 /* LaunchScreen.storyboard in Resources */,
				964CCA8D1DFFAAC8004D7FA9 /* Assets.xcassets in Resources */,
				964CCA8B1DFFAAC8004D7FA9 /* Main.storyboard in Resources */,
			);
			runOnlyForDeploymentPostprocessing = 0;
		};
		964CCA941DFFAAC9004D7FA9 /* Resources */ = {
			isa = PBXResourcesBuildPhase;
			buildActionMask = 2147483647;
			files = (
			);
			runOnlyForDeploymentPostprocessing = 0;
		};
/* End PBXResourcesBuildPhase section */

/* Begin PBXShellScriptBuildPhase section */
		26972DA953A22CA959717CBF /* [CP] Copy Pods Resources */ = {
			isa = PBXShellScriptBuildPhase;
			buildActionMask = 2147483647;
			files = (
			);
			inputPaths = (
			);
			name = "[CP] Copy Pods Resources";
			outputPaths = (
			);
			runOnlyForDeploymentPostprocessing = 0;
			shellPath = /bin/sh;
			shellScript = "\"${SRCROOT}/Pods/Target Support Files/Pods-MoyaRxArgoDemo/Pods-MoyaRxArgoDemo-resources.sh\"\n";
			showEnvVarsInLog = 0;
		};
		B72FCB5D390E4B15699D0D62 /* [CP] Copy Pods Resources */ = {
			isa = PBXShellScriptBuildPhase;
			buildActionMask = 2147483647;
			files = (
			);
			inputPaths = (
			);
			name = "[CP] Copy Pods Resources";
			outputPaths = (
			);
			runOnlyForDeploymentPostprocessing = 0;
			shellPath = /bin/sh;
			shellScript = "\"${SRCROOT}/Pods/Target Support Files/Pods-MoyaRxArgoDemoTests/Pods-MoyaRxArgoDemoTests-resources.sh\"\n";
			showEnvVarsInLog = 0;
		};
		BE289FBC211F8339B99583F2 /* [CP] Embed Pods Frameworks */ = {
			isa = PBXShellScriptBuildPhase;
			buildActionMask = 2147483647;
			files = (
			);
			inputPaths = (
			);
			name = "[CP] Embed Pods Frameworks";
			outputPaths = (
			);
			runOnlyForDeploymentPostprocessing = 0;
			shellPath = /bin/sh;
			shellScript = "\"${SRCROOT}/Pods/Target Support Files/Pods-MoyaRxArgoDemo/Pods-MoyaRxArgoDemo-frameworks.sh\"\n";
			showEnvVarsInLog = 0;
		};
		C6CA9394AAA35D754FDDC5D0 /* [CP] Embed Pods Frameworks */ = {
			isa = PBXShellScriptBuildPhase;
			buildActionMask = 2147483647;
			files = (
			);
			inputPaths = (
			);
			name = "[CP] Embed Pods Frameworks";
			outputPaths = (
			);
			runOnlyForDeploymentPostprocessing = 0;
			shellPath = /bin/sh;
			shellScript = "\"${SRCROOT}/Pods/Target Support Files/Pods-MoyaRxArgoDemoTests/Pods-MoyaRxArgoDemoTests-frameworks.sh\"\n";
			showEnvVarsInLog = 0;
		};
		D9A6AB639FA9FDB23841E1A5 /* [CP] Check Pods Manifest.lock */ = {
			isa = PBXShellScriptBuildPhase;
			buildActionMask = 2147483647;
			files = (
			);
			inputPaths = (
			);
			name = "[CP] Check Pods Manifest.lock";
			outputPaths = (
			);
			runOnlyForDeploymentPostprocessing = 0;
			shellPath = /bin/sh;
			shellScript = "diff \"${PODS_ROOT}/../Podfile.lock\" \"${PODS_ROOT}/Manifest.lock\" > /dev/null\nif [ $? != 0 ] ; then\n    # print error to STDERR\n    echo \"error: The sandbox is not in sync with the Podfile.lock. Run 'pod install' or update your CocoaPods installation.\" >&2\n    exit 1\nfi\n";
			showEnvVarsInLog = 0;
		};
		E258EF1AA1B2946CBBF4463B /* [CP] Check Pods Manifest.lock */ = {
			isa = PBXShellScriptBuildPhase;
			buildActionMask = 2147483647;
			files = (
			);
			inputPaths = (
			);
			name = "[CP] Check Pods Manifest.lock";
			outputPaths = (
			);
			runOnlyForDeploymentPostprocessing = 0;
			shellPath = /bin/sh;
			shellScript = "diff \"${PODS_ROOT}/../Podfile.lock\" \"${PODS_ROOT}/Manifest.lock\" > /dev/null\nif [ $? != 0 ] ; then\n    # print error to STDERR\n    echo \"error: The sandbox is not in sync with the Podfile.lock. Run 'pod install' or update your CocoaPods installation.\" >&2\n    exit 1\nfi\n";
			showEnvVarsInLog = 0;
		};
/* End PBXShellScriptBuildPhase section */

/* Begin PBXSourcesBuildPhase section */
		964CCA7E1DFFAAC8004D7FA9 /* Sources */ = {
			isa = PBXSourcesBuildPhase;
			buildActionMask = 2147483647;
			files = (
				964CCA881DFFAAC8004D7FA9 /* ViewController.swift in Sources */,
				96D2A05E1E03A55F00FA9240 /* Response+Argo.swift in Sources */,
				964CCA861DFFAAC8004D7FA9 /* AppDelegate.swift in Sources */,
				963EF3FA1E013A66008FE804 /* API.swift in Sources */,
				96D2A05C1E039F8F00FA9240 /* Post.swift in Sources */,
				96D2A0691E056BCB00FA9240 /* Observable+Argo.swift in Sources */,
				96D2A06D1E056EB400FA9240 /* Observable+Argo2.swift in Sources */,
			);
			runOnlyForDeploymentPostprocessing = 0;
		};
		964CCA921DFFAAC9004D7FA9 /* Sources */ = {
			isa = PBXSourcesBuildPhase;
			buildActionMask = 2147483647;
			files = (
				96D2A0601E03B04600FA9240 /* moya+argo+ext.swift in Sources */,
				96D2A0621E05621E00FA9240 /* moya+rx+argo.swift in Sources */,
				96D2A0541E02E98700FA9240 /* alamofire.swift in Sources */,
				96D2A05A1E03948400FA9240 /* moya+argo.swift in Sources */,
				96D2A0661E05677900FA9240 /* moya+rx+ext+argo.swift in Sources */,
				96D2A0581E038BDF00FA9240 /* runner.swift in Sources */,
				96D2A0561E0300D900FA9240 /* moya.swift in Sources */,
				96D2A06B1E056E0900FA9240 /* moya+rx+ext+argo2.swift in Sources */,
				964CCA9B1DFFAAC9004D7FA9 /* MoyaRxArgoDemoTests.swift in Sources */,
			);
			runOnlyForDeploymentPostprocessing = 0;
		};
/* End PBXSourcesBuildPhase section */

/* Begin PBXTargetDependency section */
		964CCA981DFFAAC9004D7FA9 /* PBXTargetDependency */ = {
			isa = PBXTargetDependency;
			target = 964CCA811DFFAAC8004D7FA9 /* MoyaRxArgoDemo */;
			targetProxy = 964CCA971DFFAAC9004D7FA9 /* PBXContainerItemProxy */;
		};
/* End PBXTargetDependency section */

/* Begin PBXVariantGroup section */
		964CCA891DFFAAC8004D7FA9 /* Main.storyboard */ = {
			isa = PBXVariantGroup;
			children = (
				964CCA8A1DFFAAC8004D7FA9 /* Base */,
			);
			name = Main.storyboard;
			sourceTree = "<group>";
		};
		964CCA8E1DFFAAC8004D7FA9 /* LaunchScreen.storyboard */ = {
			isa = PBXVariantGroup;
			children = (
				964CCA8F1DFFAAC8004D7FA9 /* Base */,
			);
			name = LaunchScreen.storyboard;
			sourceTree = "<group>";
		};
/* End PBXVariantGroup section */

/* Begin XCBuildConfiguration section */
		964CCA9D1DFFAAC9004D7FA9 /* Debug */ = {
			isa = XCBuildConfiguration;
			buildSettings = {
				ALWAYS_SEARCH_USER_PATHS = NO;
				CLANG_ANALYZER_NONNULL = YES;
				CLANG_CXX_LANGUAGE_STANDARD = "gnu++0x";
				CLANG_CXX_LIBRARY = "libc++";
				CLANG_ENABLE_MODULES = YES;
				CLANG_ENABLE_OBJC_ARC = YES;
				CLANG_WARN_BOOL_CONVERSION = YES;
				CLANG_WARN_CONSTANT_CONVERSION = YES;
				CLANG_WARN_DIRECT_OBJC_ISA_USAGE = YES_ERROR;
				CLANG_WARN_DOCUMENTATION_COMMENTS = YES;
				CLANG_WARN_EMPTY_BODY = YES;
				CLANG_WARN_ENUM_CONVERSION = YES;
				CLANG_WARN_INFINITE_RECURSION = YES;
				CLANG_WARN_INT_CONVERSION = YES;
				CLANG_WARN_OBJC_ROOT_CLASS = YES_ERROR;
				CLANG_WARN_SUSPICIOUS_MOVE = YES;
				CLANG_WARN_SUSPICIOUS_MOVES = YES;
				CLANG_WARN_UNREACHABLE_CODE = YES;
				CLANG_WARN__DUPLICATE_METHOD_MATCH = YES;
				"CODE_SIGN_IDENTITY[sdk=iphoneos*]" = "iPhone Developer";
				COPY_PHASE_STRIP = NO;
				DEBUG_INFORMATION_FORMAT = dwarf;
				ENABLE_STRICT_OBJC_MSGSEND = YES;
				ENABLE_TESTABILITY = YES;
				GCC_C_LANGUAGE_STANDARD = gnu99;
				GCC_DYNAMIC_NO_PIC = NO;
				GCC_NO_COMMON_BLOCKS = YES;
				GCC_OPTIMIZATION_LEVEL = 0;
				GCC_PREPROCESSOR_DEFINITIONS = (
					"DEBUG=1",
					"$(inherited)",
				);
				GCC_WARN_64_TO_32_BIT_CONVERSION = YES;
				GCC_WARN_ABOUT_RETURN_TYPE = YES_ERROR;
				GCC_WARN_UNDECLARED_SELECTOR = YES;
				GCC_WARN_UNINITIALIZED_AUTOS = YES_AGGRESSIVE;
				GCC_WARN_UNUSED_FUNCTION = YES;
				GCC_WARN_UNUSED_VARIABLE = YES;
				IPHONEOS_DEPLOYMENT_TARGET = 10.1;
				MTL_ENABLE_DEBUG_INFO = YES;
				ONLY_ACTIVE_ARCH = YES;
				SDKROOT = iphoneos;
				SWIFT_ACTIVE_COMPILATION_CONDITIONS = DEBUG;
				SWIFT_OPTIMIZATION_LEVEL = "-Onone";
			};
			name = Debug;
		};
		964CCA9E1DFFAAC9004D7FA9 /* Release */ = {
			isa = XCBuildConfiguration;
			buildSettings = {
				ALWAYS_SEARCH_USER_PATHS = NO;
				CLANG_ANALYZER_NONNULL = YES;
				CLANG_CXX_LANGUAGE_STANDARD = "gnu++0x";
				CLANG_CXX_LIBRARY = "libc++";
				CLANG_ENABLE_MODULES = YES;
				CLANG_ENABLE_OBJC_ARC = YES;
				CLANG_WARN_BOOL_CONVERSION = YES;
				CLANG_WARN_CONSTANT_CONVERSION = YES;
				CLANG_WARN_DIRECT_OBJC_ISA_USAGE = YES_ERROR;
				CLANG_WARN_DOCUMENTATION_COMMENTS = YES;
				CLANG_WARN_EMPTY_BODY = YES;
				CLANG_WARN_ENUM_CONVERSION = YES;
				CLANG_WARN_INFINITE_RECURSION = YES;
				CLANG_WARN_INT_CONVERSION = YES;
				CLANG_WARN_OBJC_ROOT_CLASS = YES_ERROR;
				CLANG_WARN_SUSPICIOUS_MOVE = YES;
				CLANG_WARN_SUSPICIOUS_MOVES = YES;
				CLANG_WARN_UNREACHABLE_CODE = YES;
				CLANG_WARN__DUPLICATE_METHOD_MATCH = YES;
				"CODE_SIGN_IDENTITY[sdk=iphoneos*]" = "iPhone Developer";
				COPY_PHASE_STRIP = NO;
				DEBUG_INFORMATION_FORMAT = "dwarf-with-dsym";
				ENABLE_NS_ASSERTIONS = NO;
				ENABLE_STRICT_OBJC_MSGSEND = YES;
				GCC_C_LANGUAGE_STANDARD = gnu99;
				GCC_NO_COMMON_BLOCKS = YES;
				GCC_WARN_64_TO_32_BIT_CONVERSION = YES;
				GCC_WARN_ABOUT_RETURN_TYPE = YES_ERROR;
				GCC_WARN_UNDECLARED_SELECTOR = YES;
				GCC_WARN_UNINITIALIZED_AUTOS = YES_AGGRESSIVE;
				GCC_WARN_UNUSED_FUNCTION = YES;
				GCC_WARN_UNUSED_VARIABLE = YES;
				IPHONEOS_DEPLOYMENT_TARGET = 10.1;
				MTL_ENABLE_DEBUG_INFO = NO;
				SDKROOT = iphoneos;
				SWIFT_OPTIMIZATION_LEVEL = "-Owholemodule";
				VALIDATE_PRODUCT = YES;
			};
			name = Release;
		};
		964CCAA01DFFAAC9004D7FA9 /* Debug */ = {
			isa = XCBuildConfiguration;
			baseConfigurationReference = F30796CB581D756FEDB7F1D1 /* Pods-MoyaRxArgoDemo.debug.xcconfig */;
			buildSettings = {
				ASSETCATALOG_COMPILER_APPICON_NAME = AppIcon;
				"CODE_SIGN_IDENTITY[sdk=iphoneos*]" = "iPhone Developer";
				DEVELOPMENT_TEAM = "";
				INFOPLIST_FILE = MoyaRxArgoDemo/Info.plist;
				LD_RUNPATH_SEARCH_PATHS = "$(inherited) @executable_path/Frameworks";
				PRODUCT_BUNDLE_IDENTIFIER = com.callmewhy.MoyaRxArgoDemo;
				PRODUCT_NAME = "$(TARGET_NAME)";
				SWIFT_VERSION = 3.0;
			};
			name = Debug;
		};
		964CCAA11DFFAAC9004D7FA9 /* Release */ = {
			isa = XCBuildConfiguration;
			baseConfigurationReference = 5D1429A97EA4659FCCD94B91 /* Pods-MoyaRxArgoDemo.release.xcconfig */;
			buildSettings = {
				ASSETCATALOG_COMPILER_APPICON_NAME = AppIcon;
				"CODE_SIGN_IDENTITY[sdk=iphoneos*]" = "iPhone Developer";
				DEVELOPMENT_TEAM = "";
				INFOPLIST_FILE = MoyaRxArgoDemo/Info.plist;
				LD_RUNPATH_SEARCH_PATHS = "$(inherited) @executable_path/Frameworks";
				PRODUCT_BUNDLE_IDENTIFIER = com.callmewhy.MoyaRxArgoDemo;
				PRODUCT_NAME = "$(TARGET_NAME)";
				SWIFT_VERSION = 3.0;
			};
			name = Release;
		};
		964CCAA31DFFAAC9004D7FA9 /* Debug */ = {
			isa = XCBuildConfiguration;
			baseConfigurationReference = 076C38035E5688BCE08F056B /* Pods-MoyaRxArgoDemoTests.debug.xcconfig */;
			buildSettings = {
				BUNDLE_LOADER = "$(TEST_HOST)";
				INFOPLIST_FILE = MoyaRxArgoDemoTests/Info.plist;
				LD_RUNPATH_SEARCH_PATHS = "$(inherited) @executable_path/Frameworks @loader_path/Frameworks";
				PRODUCT_BUNDLE_IDENTIFIER = com.callmewhy.MoyaRxArgoDemoTests;
				PRODUCT_NAME = "$(TARGET_NAME)";
				SWIFT_VERSION = 3.0;
				TEST_HOST = "$(BUILT_PRODUCTS_DIR)/MoyaRxArgoDemo.app/MoyaRxArgoDemo";
			};
			name = Debug;
		};
		964CCAA41DFFAAC9004D7FA9 /* Release */ = {
			isa = XCBuildConfiguration;
			baseConfigurationReference = 1B2E505A784585EA369013E8 /* Pods-MoyaRxArgoDemoTests.release.xcconfig */;
			buildSettings = {
				BUNDLE_LOADER = "$(TEST_HOST)";
				INFOPLIST_FILE = MoyaRxArgoDemoTests/Info.plist;
				LD_RUNPATH_SEARCH_PATHS = "$(inherited) @executable_path/Frameworks @loader_path/Frameworks";
				PRODUCT_BUNDLE_IDENTIFIER = com.callmewhy.MoyaRxArgoDemoTests;
				PRODUCT_NAME = "$(TARGET_NAME)";
				SWIFT_VERSION = 3.0;
				TEST_HOST = "$(BUILT_PRODUCTS_DIR)/MoyaRxArgoDemo.app/MoyaRxArgoDemo";
			};
			name = Release;
		};
/* End XCBuildConfiguration section */

/* Begin XCConfigurationList section */
		964CCA7D1DFFAAC8004D7FA9 /* Build configuration list for PBXProject "MoyaRxArgoDemo" */ = {
			isa = XCConfigurationList;
			buildConfigurations = (
				964CCA9D1DFFAAC9004D7FA9 /* Debug */,
				964CCA9E1DFFAAC9004D7FA9 /* Release */,
			);
			defaultConfigurationIsVisible = 0;
			defaultConfigurationName = Release;
		};
		964CCA9F1DFFAAC9004D7FA9 /* Build configuration list for PBXNativeTarget "MoyaRxArgoDemo" */ = {
			isa = XCConfigurationList;
			buildConfigurations = (
				964CCAA01DFFAAC9004D7FA9 /* Debug */,
				964CCAA11DFFAAC9004D7FA9 /* Release */,
			);
			defaultConfigurationIsVisible = 0;
			defaultConfigurationName = Release;
		};
		964CCAA21DFFAAC9004D7FA9 /* Build configuration list for PBXNativeTarget "MoyaRxArgoDemoTests" */ = {
			isa = XCConfigurationList;
			buildConfigurations = (
				964CCAA31DFFAAC9004D7FA9 /* Debug */,
				964CCAA41DFFAAC9004D7FA9 /* Release */,
			);
			defaultConfigurationIsVisible = 0;
			defaultConfigurationName = Release;
		};
/* End XCConfigurationList section */
	};
	rootObject = 964CCA7A1DFFAAC8004D7FA9 /* Project object */;
}
